// !$*UTF8*$!
{
	archiveVersion = 1;
	classes = {
	};
	objectVersion = 50;
	objects = {

/* Begin PBXBuildFile section */
		A7369B3620CB1862001692F4 /* AppDelegate.swift in Sources */ = {isa = PBXBuildFile; fileRef = A7369B3520CB1862001692F4 /* AppDelegate.swift */; };
		A7369B3820CB1862001692F4 /* ViewController.swift in Sources */ = {isa = PBXBuildFile; fileRef = A7369B3720CB1862001692F4 /* ViewController.swift */; };
		A7369B3B20CB1862001692F4 /* Main.storyboard in Resources */ = {isa = PBXBuildFile; fileRef = A7369B3920CB1862001692F4 /* Main.storyboard */; };
		A7369B3E20CB1862001692F4 /* WeatherAppChallange.xcdatamodeld in Sources */ = {isa = PBXBuildFile; fileRef = A7369B3C20CB1862001692F4 /* WeatherAppChallange.xcdatamodeld */; };
		A7369B4020CB1863001692F4 /* Assets.xcassets in Resources */ = {isa = PBXBuildFile; fileRef = A7369B3F20CB1863001692F4 /* Assets.xcassets */; };
		A7369B4320CB1863001692F4 /* LaunchScreen.storyboard in Resources */ = {isa = PBXBuildFile; fileRef = A7369B4120CB1863001692F4 /* LaunchScreen.storyboard */; };
		A7369B4B20CB187B001692F4 /* city.list.json in Resources */ = {isa = PBXBuildFile; fileRef = A7369B4A20CB187B001692F4 /* city.list.json */; };
		A7369B5420CB1911001692F4 /* City.swift in Sources */ = {isa = PBXBuildFile; fileRef = A7369B5320CB1911001692F4 /* City.swift */; };
		A7369B5620CB310D001692F4 /* daniel-olah-417244-unsplash.jpg in Resources */ = {isa = PBXBuildFile; fileRef = A7369B5520CB310D001692F4 /* daniel-olah-417244-unsplash.jpg */; };
		A7369B5A20CB362C001692F4 /* ExtensionViewController.swift in Sources */ = {isa = PBXBuildFile; fileRef = A7369B5920CB362C001692F4 /* ExtensionViewController.swift */; };
		A7369B5C20CB36FA001692F4 /* WeatherSearchByCity.swift in Sources */ = {isa = PBXBuildFile; fileRef = A7369B5B20CB36FA001692F4 /* WeatherSearchByCity.swift */; };
		A7369B6220CB3CC6001692F4 /* Constants.swift in Sources */ = {isa = PBXBuildFile; fileRef = A7369B6120CB3CC6001692F4 /* Constants.swift */; };
		A7369B6520CB41BC001692F4 /* AlertViewManager.swift in Sources */ = {isa = PBXBuildFile; fileRef = A7369B6420CB41BC001692F4 /* AlertViewManager.swift */; };
		A7369B6720CB57AD001692F4 /* Weather.swift in Sources */ = {isa = PBXBuildFile; fileRef = A7369B6620CB57AD001692F4 /* Weather.swift */; };
		A7369B6920CB683A001692F4 /* QueriedCityViewController.swift in Sources */ = {isa = PBXBuildFile; fileRef = A7369B6820CB683A001692F4 /* QueriedCityViewController.swift */; };
		A7369B6B20CB6887001692F4 /* ExtensionQueriedCityController.swift in Sources */ = {isa = PBXBuildFile; fileRef = A7369B6A20CB6887001692F4 /* ExtensionQueriedCityController.swift */; };
		A7369B6D20CB6B01001692F4 /* QueriedCityTableViewCell.swift in Sources */ = {isa = PBXBuildFile; fileRef = A7369B6C20CB6B01001692F4 /* QueriedCityTableViewCell.swift */; };
		A7369B7220CB897C001692F4 /* RefreshedViewController.swift in Sources */ = {isa = PBXBuildFile; fileRef = A7369B7120CB897C001692F4 /* RefreshedViewController.swift */; };
		A7369B7420CBA0F9001692F4 /* ExtensionRefreshController.swift in Sources */ = {isa = PBXBuildFile; fileRef = A7369B7320CBA0F9001692F4 /* ExtensionRefreshController.swift */; };
		A7369B7820CBC3A9001692F4 /* TimeBasedTableViewCell.swift in Sources */ = {isa = PBXBuildFile; fileRef = A7369B7720CBC3A9001692F4 /* TimeBasedTableViewCell.swift */; };
		A7369B7A20CBC401001692F4 /* TimeBasedViewController.swift in Sources */ = {isa = PBXBuildFile; fileRef = A7369B7920CBC401001692F4 /* TimeBasedViewController.swift */; };
		A7369B7C20CBC495001692F4 /* ExtensionTimeBasedController.swift in Sources */ = {isa = PBXBuildFile; fileRef = A7369B7B20CBC495001692F4 /* ExtensionTimeBasedController.swift */; };
		A7369B7F20CBDEF7001692F4 /* Forecast.swift in Sources */ = {isa = PBXBuildFile; fileRef = A7369B7E20CBDEF7001692F4 /* Forecast.swift */; };
/* End PBXBuildFile section */

/* Begin PBXFileReference section */
		A7369B3220CB1862001692F4 /* WeatherAppChallange.app */ = {isa = PBXFileReference; explicitFileType = wrapper.application; includeInIndex = 0; path = WeatherAppChallange.app; sourceTree = BUILT_PRODUCTS_DIR; };
		A7369B3520CB1862001692F4 /* AppDelegate.swift */ = {isa = PBXFileReference; lastKnownFileType = sourcecode.swift; path = AppDelegate.swift; sourceTree = "<group>"; };
		A7369B3720CB1862001692F4 /* ViewController.swift */ = {isa = PBXFileReference; lastKnownFileType = sourcecode.swift; path = ViewController.swift; sourceTree = "<group>"; };
		A7369B3A20CB1862001692F4 /* Base */ = {isa = PBXFileReference; lastKnownFileType = file.storyboard; name = Base; path = Base.lproj/Main.storyboard; sourceTree = "<group>"; };
		A7369B3D20CB1862001692F4 /* WeatherAppChallange.xcdatamodel */ = {isa = PBXFileReference; lastKnownFileType = wrapper.xcdatamodel; path = WeatherAppChallange.xcdatamodel; sourceTree = "<group>"; };
		A7369B3F20CB1863001692F4 /* Assets.xcassets */ = {isa = PBXFileReference; lastKnownFileType = folder.assetcatalog; path = Assets.xcassets; sourceTree = "<group>"; };
		A7369B4220CB1863001692F4 /* Base */ = {isa = PBXFileReference; lastKnownFileType = file.storyboard; name = Base; path = Base.lproj/LaunchScreen.storyboard; sourceTree = "<group>"; };
		A7369B4420CB1863001692F4 /* Info.plist */ = {isa = PBXFileReference; lastKnownFileType = text.plist.xml; path = Info.plist; sourceTree = "<group>"; };
		A7369B4A20CB187B001692F4 /* city.list.json */ = {isa = PBXFileReference; fileEncoding = 4; lastKnownFileType = text.json; path = city.list.json; sourceTree = "<group>"; };
		A7369B5320CB1911001692F4 /* City.swift */ = {isa = PBXFileReference; lastKnownFileType = sourcecode.swift; path = City.swift; sourceTree = "<group>"; };
		A7369B5520CB310D001692F4 /* daniel-olah-417244-unsplash.jpg */ = {isa = PBXFileReference; lastKnownFileType = image.jpeg; path = "daniel-olah-417244-unsplash.jpg"; sourceTree = "<group>"; };
		A7369B5920CB362C001692F4 /* ExtensionViewController.swift */ = {isa = PBXFileReference; lastKnownFileType = sourcecode.swift; path = ExtensionViewController.swift; sourceTree = "<group>"; };
		A7369B5B20CB36FA001692F4 /* WeatherSearchByCity.swift */ = {isa = PBXFileReference; lastKnownFileType = sourcecode.swift; path = WeatherSearchByCity.swift; sourceTree = "<group>"; };
		A7369B6120CB3CC6001692F4 /* Constants.swift */ = {isa = PBXFileReference; lastKnownFileType = sourcecode.swift; path = Constants.swift; sourceTree = "<group>"; };
		A7369B6420CB41BC001692F4 /* AlertViewManager.swift */ = {isa = PBXFileReference; lastKnownFileType = sourcecode.swift; path = AlertViewManager.swift; sourceTree = "<group>"; };
		A7369B6620CB57AD001692F4 /* Weather.swift */ = {isa = PBXFileReference; lastKnownFileType = sourcecode.swift; path = Weather.swift; sourceTree = "<group>"; };
		A7369B6820CB683A001692F4 /* QueriedCityViewController.swift */ = {isa = PBXFileReference; lastKnownFileType = sourcecode.swift; path = QueriedCityViewController.swift; sourceTree = "<group>"; };
		A7369B6A20CB6887001692F4 /* ExtensionQueriedCityController.swift */ = {isa = PBXFileReference; lastKnownFileType = sourcecode.swift; path = ExtensionQueriedCityController.swift; sourceTree = "<group>"; };
		A7369B6C20CB6B01001692F4 /* QueriedCityTableViewCell.swift */ = {isa = PBXFileReference; lastKnownFileType = sourcecode.swift; path = QueriedCityTableViewCell.swift; sourceTree = "<group>"; };
		A7369B7120CB897C001692F4 /* RefreshedViewController.swift */ = {isa = PBXFileReference; lastKnownFileType = sourcecode.swift; path = RefreshedViewController.swift; sourceTree = "<group>"; };
		A7369B7320CBA0F9001692F4 /* ExtensionRefreshController.swift */ = {isa = PBXFileReference; lastKnownFileType = sourcecode.swift; path = ExtensionRefreshController.swift; sourceTree = "<group>"; };
		A7369B7720CBC3A9001692F4 /* TimeBasedTableViewCell.swift */ = {isa = PBXFileReference; lastKnownFileType = sourcecode.swift; path = TimeBasedTableViewCell.swift; sourceTree = "<group>"; };
		A7369B7920CBC401001692F4 /* TimeBasedViewController.swift */ = {isa = PBXFileReference; lastKnownFileType = sourcecode.swift; path = TimeBasedViewController.swift; sourceTree = "<group>"; };
		A7369B7B20CBC495001692F4 /* ExtensionTimeBasedController.swift */ = {isa = PBXFileReference; lastKnownFileType = sourcecode.swift; path = ExtensionTimeBasedController.swift; sourceTree = "<group>"; };
		A7369B7E20CBDEF7001692F4 /* Forecast.swift */ = {isa = PBXFileReference; lastKnownFileType = sourcecode.swift; path = Forecast.swift; sourceTree = "<group>"; };
/* End PBXFileReference section */

/* Begin PBXFrameworksBuildPhase section */
		A7369B2F20CB1862001692F4 /* Frameworks */ = {
			isa = PBXFrameworksBuildPhase;
			buildActionMask = 2147483647;
			files = (
			);
			runOnlyForDeploymentPostprocessing = 0;
		};
/* End PBXFrameworksBuildPhase section */

/* Begin PBXGroup section */
		A7369B2920CB1862001692F4 = {
			isa = PBXGroup;
			children = (
				A7369B3420CB1862001692F4 /* WeatherAppChallange */,
				A7369B3320CB1862001692F4 /* Products */,
			);
			sourceTree = "<group>";
		};
		A7369B3320CB1862001692F4 /* Products */ = {
			isa = PBXGroup;
			children = (
				A7369B3220CB1862001692F4 /* WeatherAppChallange.app */,
			);
			name = Products;
			sourceTree = "<group>";
		};
		A7369B3420CB1862001692F4 /* WeatherAppChallange */ = {
			isa = PBXGroup;
			children = (
				A7369B5F20CB3CB2001692F4 /* Utils */,
				A7369B4C20CB1884001692F4 /* Model */,
				A7369B4F20CB18A6001692F4 /* View */,
				A7369B5020CB18AE001692F4 /* Controller */,
				A7369B5220CB18DB001692F4 /* Resources */,
				A7369B5120CB18C3001692F4 /* StoryBoard */,
				A7369B3520CB1862001692F4 /* AppDelegate.swift */,
				A7369B3F20CB1863001692F4 /* Assets.xcassets */,
				A7369B4120CB1863001692F4 /* LaunchScreen.storyboard */,
				A7369B4420CB1863001692F4 /* Info.plist */,
				A7369B3C20CB1862001692F4 /* WeatherAppChallange.xcdatamodeld */,
			);
			path = WeatherAppChallange;
			sourceTree = "<group>";
		};
		A7369B4C20CB1884001692F4 /* Model */ = {
			isa = PBXGroup;
			children = (
				A7369B5320CB1911001692F4 /* City.swift */,
				A7369B6620CB57AD001692F4 /* Weather.swift */,
				A7369B7E20CBDEF7001692F4 /* Forecast.swift */,
			);
			path = Model;
			sourceTree = "<group>";
		};
		A7369B4F20CB18A6001692F4 /* View */ = {
			isa = PBXGroup;
			children = (
				A7369B5B20CB36FA001692F4 /* WeatherSearchByCity.swift */,
				A7369B6C20CB6B01001692F4 /* QueriedCityTableViewCell.swift */,
				A7369B7720CBC3A9001692F4 /* TimeBasedTableViewCell.swift */,
			);
			path = View;
			sourceTree = "<group>";
		};
		A7369B5020CB18AE001692F4 /* Controller */ = {
			isa = PBXGroup;
			children = (
				A7369B3720CB1862001692F4 /* ViewController.swift */,
				A7369B5920CB362C001692F4 /* ExtensionViewController.swift */,
				A7369B6820CB683A001692F4 /* QueriedCityViewController.swift */,
				A7369B6A20CB6887001692F4 /* ExtensionQueriedCityController.swift */,
				A7369B7120CB897C001692F4 /* RefreshedViewController.swift */,
				A7369B7320CBA0F9001692F4 /* ExtensionRefreshController.swift */,
				A7369B7920CBC401001692F4 /* TimeBasedViewController.swift */,
				A7369B7B20CBC495001692F4 /* ExtensionTimeBasedController.swift */,
			);
			path = Controller;
			sourceTree = "<group>";
		};
		A7369B5120CB18C3001692F4 /* StoryBoard */ = {
			isa = PBXGroup;
			children = (
				A7369B3920CB1862001692F4 /* Main.storyboard */,
			);
			path = StoryBoard;
			sourceTree = "<group>";
		};
		A7369B5220CB18DB001692F4 /* Resources */ = {
			isa = PBXGroup;
			children = (
				A7369B5520CB310D001692F4 /* daniel-olah-417244-unsplash.jpg */,
				A7369B4A20CB187B001692F4 /* city.list.json */,
			);
			path = Resources;
			sourceTree = "<group>";
		};
		A7369B5F20CB3CB2001692F4 /* Utils */ = {
			isa = PBXGroup;
			children = (
				A7369B6320CB41AE001692F4 /* AlertManager */,
				A7369B6020CB3CBA001692F4 /* Constants */,
			);
			path = Utils;
			sourceTree = "<group>";
		};
		A7369B6020CB3CBA001692F4 /* Constants */ = {
			isa = PBXGroup;
			children = (
				A7369B6120CB3CC6001692F4 /* Constants.swift */,
			);
			path = Constants;
			sourceTree = "<group>";
		};
		A7369B6320CB41AE001692F4 /* AlertManager */ = {
			isa = PBXGroup;
			children = (
				A7369B6420CB41BC001692F4 /* AlertViewManager.swift */,
			);
			path = AlertManager;
			sourceTree = "<group>";
		};
/* End PBXGroup section */

/* Begin PBXNativeTarget section */
		A7369B3120CB1862001692F4 /* WeatherAppChallange */ = {
			isa = PBXNativeTarget;
			buildConfigurationList = A7369B4720CB1863001692F4 /* Build configuration list for PBXNativeTarget "WeatherAppChallange" */;
			buildPhases = (
				A7369B2E20CB1862001692F4 /* Sources */,
				A7369B2F20CB1862001692F4 /* Frameworks */,
				A7369B3020CB1862001692F4 /* Resources */,
			);
			buildRules = (
			);
			dependencies = (
			);
			name = WeatherAppChallange;
			productName = WeatherAppChallange;
			productReference = A7369B3220CB1862001692F4 /* WeatherAppChallange.app */;
			productType = "com.apple.product-type.application";
		};
/* End PBXNativeTarget section */

/* Begin PBXProject section */
		A7369B2A20CB1862001692F4 /* Project object */ = {
			isa = PBXProject;
			attributes = {
				LastSwiftUpdateCheck = 0930;
				LastUpgradeCheck = 0930;
				ORGANIZATIONNAME = "Erkut Baş";
				TargetAttributes = {
					A7369B3120CB1862001692F4 = {
						CreatedOnToolsVersion = 9.3;
					};
				};
			};
			buildConfigurationList = A7369B2D20CB1862001692F4 /* Build configuration list for PBXProject "WeatherAppChallange" */;
			compatibilityVersion = "Xcode 9.3";
			developmentRegion = en;
			hasScannedForEncodings = 0;
			knownRegions = (
				en,
				Base,
			);
			mainGroup = A7369B2920CB1862001692F4;
			productRefGroup = A7369B3320CB1862001692F4 /* Products */;
			projectDirPath = "";
			projectRoot = "";
			targets = (
				A7369B3120CB1862001692F4 /* WeatherAppChallange */,
			);
		};
/* End PBXProject section */

/* Begin PBXResourcesBuildPhase section */
		A7369B3020CB1862001692F4 /* Resources */ = {
			isa = PBXResourcesBuildPhase;
			buildActionMask = 2147483647;
			files = (
				A7369B4320CB1863001692F4 /* LaunchScreen.storyboard in Resources */,
				A7369B4B20CB187B001692F4 /* city.list.json in Resources */,
				A7369B4020CB1863001692F4 /* Assets.xcassets in Resources */,
				A7369B5620CB310D001692F4 /* daniel-olah-417244-unsplash.jpg in Resources */,
				A7369B3B20CB1862001692F4 /* Main.storyboard in Resources */,
			);
			runOnlyForDeploymentPostprocessing = 0;
		};
/* End PBXResourcesBuildPhase section */

/* Begin PBXSourcesBuildPhase section */
		A7369B2E20CB1862001692F4 /* Sources */ = {
			isa = PBXSourcesBuildPhase;
			buildActionMask = 2147483647;
			files = (
				A7369B6D20CB6B01001692F4 /* QueriedCityTableViewCell.swift in Sources */,
				A7369B3E20CB1862001692F4 /* WeatherAppChallange.xcdatamodeld in Sources */,
				A7369B5A20CB362C001692F4 /* ExtensionViewController.swift in Sources */,
				A7369B3820CB1862001692F4 /* ViewController.swift in Sources */,
				A7369B7F20CBDEF7001692F4 /* Forecast.swift in Sources */,
				A7369B7420CBA0F9001692F4 /* ExtensionRefreshController.swift in Sources */,
				A7369B7A20CBC401001692F4 /* TimeBasedViewController.swift in Sources */,
				A7369B6920CB683A001692F4 /* QueriedCityViewController.swift in Sources */,
				A7369B7220CB897C001692F4 /* RefreshedViewController.swift in Sources */,
				A7369B6B20CB6887001692F4 /* ExtensionQueriedCityController.swift in Sources */,
				A7369B7820CBC3A9001692F4 /* TimeBasedTableViewCell.swift in Sources */,
				A7369B5C20CB36FA001692F4 /* WeatherSearchByCity.swift in Sources */,
				A7369B6720CB57AD001692F4 /* Weather.swift in Sources */,
				A7369B6220CB3CC6001692F4 /* Constants.swift in Sources */,
				A7369B5420CB1911001692F4 /* City.swift in Sources */,
				A7369B7C20CBC495001692F4 /* ExtensionTimeBasedController.swift in Sources */,
				A7369B3620CB1862001692F4 /* AppDelegate.swift in Sources */,
				A7369B6520CB41BC001692F4 /* AlertViewManager.swift in Sources */,
			);
			runOnlyForDeploymentPostprocessing = 0;
		};
/* End PBXSourcesBuildPhase section */

/* Begin PBXVariantGroup section */
		A7369B3920CB1862001692F4 /* Main.storyboard */ = {
			isa = PBXVariantGroup;
			children = (
				A7369B3A20CB1862001692F4 /* Base */,
			);
			name = Main.storyboard;
			sourceTree = "<group>";
		};
		A7369B4120CB1863001692F4 /* LaunchScreen.storyboard */ = {
			isa = PBXVariantGroup;
			children = (
				A7369B4220CB1863001692F4 /* Base */,
			);
			name = LaunchScreen.storyboard;
			sourceTree = "<group>";
		};
/* End PBXVariantGroup section */

/* Begin XCBuildConfiguration section */
		A7369B4520CB1863001692F4 /* Debug */ = {
			isa = XCBuildConfiguration;
			buildSettings = {
				ALWAYS_SEARCH_USER_PATHS = NO;
				CLANG_ANALYZER_NONNULL = YES;
				CLANG_ANALYZER_NUMBER_OBJECT_CONVERSION = YES_AGGRESSIVE;
				CLANG_CXX_LANGUAGE_STANDARD = "gnu++14";
				CLANG_CXX_LIBRARY = "libc++";
				CLANG_ENABLE_MODULES = YES;
				CLANG_ENABLE_OBJC_ARC = YES;
				CLANG_ENABLE_OBJC_WEAK = YES;
				CLANG_WARN_BLOCK_CAPTURE_AUTORELEASING = YES;
				CLANG_WARN_BOOL_CONVERSION = YES;
				CLANG_WARN_COMMA = YES;
				CLANG_WARN_CONSTANT_CONVERSION = YES;
				CLANG_WARN_DEPRECATED_OBJC_IMPLEMENTATIONS = YES;
				CLANG_WARN_DIRECT_OBJC_ISA_USAGE = YES_ERROR;
				CLANG_WARN_DOCUMENTATION_COMMENTS = YES;
				CLANG_WARN_EMPTY_BODY = YES;
				CLANG_WARN_ENUM_CONVERSION = YES;
				CLANG_WARN_INFINITE_RECURSION = YES;
				CLANG_WARN_INT_CONVERSION = YES;
				CLANG_WARN_NON_LITERAL_NULL_CONVERSION = YES;
				CLANG_WARN_OBJC_IMPLICIT_RETAIN_SELF = YES;
				CLANG_WARN_OBJC_LITERAL_CONVERSION = YES;
				CLANG_WARN_OBJC_ROOT_CLASS = YES_ERROR;
				CLANG_WARN_RANGE_LOOP_ANALYSIS = YES;
				CLANG_WARN_STRICT_PROTOTYPES = YES;
				CLANG_WARN_SUSPICIOUS_MOVE = YES;
				CLANG_WARN_UNGUARDED_AVAILABILITY = YES_AGGRESSIVE;
				CLANG_WARN_UNREACHABLE_CODE = YES;
				CLANG_WARN__DUPLICATE_METHOD_MATCH = YES;
				CODE_SIGN_IDENTITY = "iPhone Developer";
				COPY_PHASE_STRIP = NO;
				DEBUG_INFORMATION_FORMAT = dwarf;
				ENABLE_STRICT_OBJC_MSGSEND = YES;
				ENABLE_TESTABILITY = YES;
				GCC_C_LANGUAGE_STANDARD = gnu11;
				GCC_DYNAMIC_NO_PIC = NO;
				GCC_NO_COMMON_BLOCKS = YES;
				GCC_OPTIMIZATION_LEVEL = 0;
				GCC_PREPROCESSOR_DEFINITIONS = (
					"DEBUG=1",
					"$(inherited)",
				);
				GCC_WARN_64_TO_32_BIT_CONVERSION = YES;
				GCC_WARN_ABOUT_RETURN_TYPE = YES_ERROR;
				GCC_WARN_UNDECLARED_SELECTOR = YES;
				GCC_WARN_UNINITIALIZED_AUTOS = YES_AGGRESSIVE;
				GCC_WARN_UNUSED_FUNCTION = YES;
				GCC_WARN_UNUSED_VARIABLE = YES;
				IPHONEOS_DEPLOYMENT_TARGET = 11.3;
				MTL_ENABLE_DEBUG_INFO = YES;
				ONLY_ACTIVE_ARCH = YES;
				SDKROOT = iphoneos;
				SWIFT_ACTIVE_COMPILATION_CONDITIONS = DEBUG;
				SWIFT_OPTIMIZATION_LEVEL = "-Onone";
			};
			name = Debug;
		};
		A7369B4620CB1863001692F4 /* Release */ = {
			isa = XCBuildConfiguration;
			buildSettings = {
				ALWAYS_SEARCH_USER_PATHS = NO;
				CLANG_ANALYZER_NONNULL = YES;
				CLANG_ANALYZER_NUMBER_OBJECT_CONVERSION = YES_AGGRESSIVE;
				CLANG_CXX_LANGUAGE_STANDARD = "gnu++14";
				CLANG_CXX_LIBRARY = "libc++";
				CLANG_ENABLE_MODULES = YES;
				CLANG_ENABLE_OBJC_ARC = YES;
				CLANG_ENABLE_OBJC_WEAK = YES;
				CLANG_WARN_BLOCK_CAPTURE_AUTORELEASING = YES;
				CLANG_WARN_BOOL_CONVERSION = YES;
				CLANG_WARN_COMMA = YES;
				CLANG_WARN_CONSTANT_CONVERSION = YES;
				CLANG_WARN_DEPRECATED_OBJC_IMPLEMENTATIONS = YES;
				CLANG_WARN_DIRECT_OBJC_ISA_USAGE = YES_ERROR;
				CLANG_WARN_DOCUMENTATION_COMMENTS = YES;
				CLANG_WARN_EMPTY_BODY = YES;
				CLANG_WARN_ENUM_CONVERSION = YES;
				CLANG_WARN_INFINITE_RECURSION = YES;
				CLANG_WARN_INT_CONVERSION = YES;
				CLANG_WARN_NON_LITERAL_NULL_CONVERSION = YES;
				CLANG_WARN_OBJC_IMPLICIT_RETAIN_SELF = YES;
				CLANG_WARN_OBJC_LITERAL_CONVERSION = YES;
				CLANG_WARN_OBJC_ROOT_CLASS = YES_ERROR;
				CLANG_WARN_RANGE_LOOP_ANALYSIS = YES;
				CLANG_WARN_STRICT_PROTOTYPES = YES;
				CLANG_WARN_SUSPICIOUS_MOVE = YES;
				CLANG_WARN_UNGUARDED_AVAILABILITY = YES_AGGRESSIVE;
				CLANG_WARN_UNREACHABLE_CODE = YES;
				CLANG_WARN__DUPLICATE_METHOD_MATCH = YES;
				CODE_SIGN_IDENTITY = "iPhone Developer";
				COPY_PHASE_STRIP = NO;
				DEBUG_INFORMATION_FORMAT = "dwarf-with-dsym";
				ENABLE_NS_ASSERTIONS = NO;
				ENABLE_STRICT_OBJC_MSGSEND = YES;
				GCC_C_LANGUAGE_STANDARD = gnu11;
				GCC_NO_COMMON_BLOCKS = YES;
				GCC_WARN_64_TO_32_BIT_CONVERSION = YES;
				GCC_WARN_ABOUT_RETURN_TYPE = YES_ERROR;
				GCC_WARN_UNDECLARED_SELECTOR = YES;
				GCC_WARN_UNINITIALIZED_AUTOS = YES_AGGRESSIVE;
				GCC_WARN_UNUSED_FUNCTION = YES;
				GCC_WARN_UNUSED_VARIABLE = YES;
				IPHONEOS_DEPLOYMENT_TARGET = 11.3;
				MTL_ENABLE_DEBUG_INFO = NO;
				SDKROOT = iphoneos;
				SWIFT_COMPILATION_MODE = wholemodule;
				SWIFT_OPTIMIZATION_LEVEL = "-O";
				VALIDATE_PRODUCT = YES;
			};
			name = Release;
		};
		A7369B4820CB1863001692F4 /* Debug */ = {
			isa = XCBuildConfiguration;
			buildSettings = {
				ASSETCATALOG_COMPILER_APPICON_NAME = AppIcon;
				CODE_SIGN_STYLE = Automatic;
				DEVELOPMENT_TEAM = ZVL2SV8VV7;
				INFOPLIST_FILE = WeatherAppChallange/Info.plist;
				LD_RUNPATH_SEARCH_PATHS = (
					"$(inherited)",
					"@executable_path/Frameworks",
				);
				PRODUCT_BUNDLE_IDENTIFIER = com.erkutbas.WeatherAppChallange;
				PRODUCT_NAME = "$(TARGET_NAME)";
				SWIFT_VERSION = 4.0;
				TARGETED_DEVICE_FAMILY = "1,2";
			};
			name = Debug;
		};
		A7369B4920CB1863001692F4 /* Release */ = {
			isa = XCBuildConfiguration;
			buildSettings = {
				ASSETCATALOG_COMPILER_APPICON_NAME = AppIcon;
				CODE_SIGN_STYLE = Automatic;
				DEVELOPMENT_TEAM = ZVL2SV8VV7;
				INFOPLIST_FILE = WeatherAppChallange/Info.plist;
				LD_RUNPATH_SEARCH_PATHS = (
					"$(inherited)",
					"@executable_path/Frameworks",
				);
				PRODUCT_BUNDLE_IDENTIFIER = com.erkutbas.WeatherAppChallange;
				PRODUCT_NAME = "$(TARGET_NAME)";
				SWIFT_VERSION = 4.0;
				TARGETED_DEVICE_FAMILY = "1,2";
			};
			name = Release;
		};
/* End XCBuildConfiguration section */

/* Begin XCConfigurationList section */
		A7369B2D20CB1862001692F4 /* Build configuration list for PBXProject "WeatherAppChallange" */ = {
			isa = XCConfigurationList;
			buildConfigurations = (
				A7369B4520CB1863001692F4 /* Debug */,
				A7369B4620CB1863001692F4 /* Release */,
			);
			defaultConfigurationIsVisible = 0;
			defaultConfigurationName = Release;
		};
		A7369B4720CB1863001692F4 /* Build configuration list for PBXNativeTarget "WeatherAppChallange" */ = {
			isa = XCConfigurationList;
			buildConfigurations = (
				A7369B4820CB1863001692F4 /* Debug */,
				A7369B4920CB1863001692F4 /* Release */,
			);
			defaultConfigurationIsVisible = 0;
			defaultConfigurationName = Release;
		};
/* End XCConfigurationList section */

/* Begin XCVersionGroup section */
		A7369B3C20CB1862001692F4 /* WeatherAppChallange.xcdatamodeld */ = {
			isa = XCVersionGroup;
			children = (
				A7369B3D20CB1862001692F4 /* WeatherAppChallange.xcdatamodel */,
			);
			currentVersion = A7369B3D20CB1862001692F4 /* WeatherAppChallange.xcdatamodel */;
			path = WeatherAppChallange.xcdatamodeld;
			sourceTree = "<group>";
			versionGroupType = wrapper.xcdatamodel;
		};
/* End XCVersionGroup section */
	};
	rootObject = A7369B2A20CB1862001692F4 /* Project object */;
}
